// !$*UTF8*$!
{
	archiveVersion = 1;
	classes = {
	};
	objectVersion = 55;
	objects = {

/* Begin PBXBuildFile section */
		440C1332288837DB0056B69E /* GoogleService-Info.plist in Resources */ = {isa = PBXBuildFile; fileRef = 440C1331288837DB0056B69E /* GoogleService-Info.plist */; };
		440C1335288837F30056B69E /* MapViewModel.swift in Sources */ = {isa = PBXBuildFile; fileRef = 440C1334288837F30056B69E /* MapViewModel.swift */; };
		440C13382888380E0056B69E /* Location.swift in Sources */ = {isa = PBXBuildFile; fileRef = 440C13372888380E0056B69E /* Location.swift */; };
		440C133B2888382B0056B69E /* TestView.swift in Sources */ = {isa = PBXBuildFile; fileRef = 440C133A2888382B0056B69E /* TestView.swift */; };
		ADE36F646E413F7529E862B8 /* Pods_Pozi.framework in Frameworks */ = {isa = PBXBuildFile; fileRef = AE9E1A8EC1A65B830FCF235E /* Pods_Pozi.framework */; };
		D1085ED928828268009B7013 /* PoziApp.swift in Sources */ = {isa = PBXBuildFile; fileRef = D1085ED828828268009B7013 /* PoziApp.swift */; };
		D1085EDB28828268009B7013 /* ContentView.swift in Sources */ = {isa = PBXBuildFile; fileRef = D1085EDA28828268009B7013 /* ContentView.swift */; };
		D1085EDD28828269009B7013 /* Assets.xcassets in Resources */ = {isa = PBXBuildFile; fileRef = D1085EDC28828269009B7013 /* Assets.xcassets */; };
		D1085EE028828269009B7013 /* Preview Assets.xcassets in Resources */ = {isa = PBXBuildFile; fileRef = D1085EDF28828269009B7013 /* Preview Assets.xcassets */; };
		D1085EE92882982F009B7013 /* MapView.swift in Sources */ = {isa = PBXBuildFile; fileRef = D1085EE82882982F009B7013 /* MapView.swift */; };
		D1FFCDF02882B70C0077F614 /* BottomListView.swift in Sources */ = {isa = PBXBuildFile; fileRef = D1FFCDEF2882B70C0077F614 /* BottomListView.swift */; };
/* End PBXBuildFile section */

/* Begin PBXFileReference section */
		334A275984259D5FDCBF735A /* Pods-Pozi.release.xcconfig */ = {isa = PBXFileReference; includeInIndex = 1; lastKnownFileType = text.xcconfig; name = "Pods-Pozi.release.xcconfig"; path = "Target Support Files/Pods-Pozi/Pods-Pozi.release.xcconfig"; sourceTree = "<group>"; };
		440C1331288837DB0056B69E /* GoogleService-Info.plist */ = {isa = PBXFileReference; fileEncoding = 4; lastKnownFileType = text.plist.xml; path = "GoogleService-Info.plist"; sourceTree = "<group>"; };
		440C1334288837F30056B69E /* MapViewModel.swift */ = {isa = PBXFileReference; lastKnownFileType = sourcecode.swift; path = MapViewModel.swift; sourceTree = "<group>"; };
		440C13372888380E0056B69E /* Location.swift */ = {isa = PBXFileReference; lastKnownFileType = sourcecode.swift; path = Location.swift; sourceTree = "<group>"; };
		440C133A2888382B0056B69E /* TestView.swift */ = {isa = PBXFileReference; lastKnownFileType = sourcecode.swift; path = TestView.swift; sourceTree = "<group>"; };
		74B360169B49D684F5813172 /* Pods-Pozi.debug.xcconfig */ = {isa = PBXFileReference; includeInIndex = 1; lastKnownFileType = text.xcconfig; name = "Pods-Pozi.debug.xcconfig"; path = "Target Support Files/Pods-Pozi/Pods-Pozi.debug.xcconfig"; sourceTree = "<group>"; };
		AE9E1A8EC1A65B830FCF235E /* Pods_Pozi.framework */ = {isa = PBXFileReference; explicitFileType = wrapper.framework; includeInIndex = 0; path = Pods_Pozi.framework; sourceTree = BUILT_PRODUCTS_DIR; };
		D1085ED528828268009B7013 /* Pozi.app */ = {isa = PBXFileReference; explicitFileType = wrapper.application; includeInIndex = 0; path = Pozi.app; sourceTree = BUILT_PRODUCTS_DIR; };
		D1085ED828828268009B7013 /* PoziApp.swift */ = {isa = PBXFileReference; lastKnownFileType = sourcecode.swift; path = PoziApp.swift; sourceTree = "<group>"; };
		D1085EDA28828268009B7013 /* ContentView.swift */ = {isa = PBXFileReference; lastKnownFileType = sourcecode.swift; path = ContentView.swift; sourceTree = "<group>"; };
		D1085EDC28828269009B7013 /* Assets.xcassets */ = {isa = PBXFileReference; lastKnownFileType = folder.assetcatalog; path = Assets.xcassets; sourceTree = "<group>"; };
		D1085EDF28828269009B7013 /* Preview Assets.xcassets */ = {isa = PBXFileReference; lastKnownFileType = folder.assetcatalog; path = "Preview Assets.xcassets"; sourceTree = "<group>"; };
		D1085EE628828722009B7013 /* Info.plist */ = {isa = PBXFileReference; lastKnownFileType = text.plist.xml; path = Info.plist; sourceTree = "<group>"; };
		D1085EE82882982F009B7013 /* MapView.swift */ = {isa = PBXFileReference; lastKnownFileType = sourcecode.swift; path = MapView.swift; sourceTree = "<group>"; };
		D1FFCDEF2882B70C0077F614 /* BottomListView.swift */ = {isa = PBXFileReference; lastKnownFileType = sourcecode.swift; path = BottomListView.swift; sourceTree = "<group>"; };
/* End PBXFileReference section */

/* Begin PBXFrameworksBuildPhase section */
		D1085ED228828268009B7013 /* Frameworks */ = {
			isa = PBXFrameworksBuildPhase;
			buildActionMask = 2147483647;
			files = (
				ADE36F646E413F7529E862B8 /* Pods_Pozi.framework in Frameworks */,
			);
			runOnlyForDeploymentPostprocessing = 0;
		};
/* End PBXFrameworksBuildPhase section */

/* Begin PBXGroup section */
		440C1330288837D20056B69E /* Utils */ = {
			isa = PBXGroup;
			children = (
				D1085ED828828268009B7013 /* PoziApp.swift */,
				440C1331288837DB0056B69E /* GoogleService-Info.plist */,
			);
			path = Utils;
			sourceTree = "<group>";
		};
		440C1333288837E00056B69E /* ViewModels */ = {
			isa = PBXGroup;
			children = (
				440C1334288837F30056B69E /* MapViewModel.swift */,
			);
			path = ViewModels;
			sourceTree = "<group>";
		};
		440C1336288838050056B69E /* Models */ = {
			isa = PBXGroup;
			children = (
				440C13372888380E0056B69E /* Location.swift */,
			);
			path = Models;
			sourceTree = "<group>";
		};
		440C1339288838230056B69E /* Views */ = {
			isa = PBXGroup;
			children = (
				D1085EE728829817009B7013 /* MapView */,
				D1085EDA28828268009B7013 /* ContentView.swift */,
				440C133A2888382B0056B69E /* TestView.swift */,
			);
			path = Views;
			sourceTree = "<group>";
		};
		57AA508CE218E1671A8CAAA4 /* Pods */ = {
			isa = PBXGroup;
			children = (
				74B360169B49D684F5813172 /* Pods-Pozi.debug.xcconfig */,
				334A275984259D5FDCBF735A /* Pods-Pozi.release.xcconfig */,
			);
			path = Pods;
			sourceTree = "<group>";
		};
		7459F4FF6FE9C0602996651C /* Frameworks */ = {
			isa = PBXGroup;
			children = (
				AE9E1A8EC1A65B830FCF235E /* Pods_Pozi.framework */,
			);
			name = Frameworks;
			sourceTree = "<group>";
		};
		D1085ECC28828268009B7013 = {
			isa = PBXGroup;
			children = (
				D1085ED728828268009B7013 /* Pozi */,
				D1085ED628828268009B7013 /* Products */,
				57AA508CE218E1671A8CAAA4 /* Pods */,
				7459F4FF6FE9C0602996651C /* Frameworks */,
			);
			sourceTree = "<group>";
		};
		D1085ED628828268009B7013 /* Products */ = {
			isa = PBXGroup;
			children = (
				D1085ED528828268009B7013 /* Pozi.app */,
			);
			name = Products;
			sourceTree = "<group>";
		};
		D1085ED728828268009B7013 /* Pozi */ = {
			isa = PBXGroup;
			children = (
				D1085EE628828722009B7013 /* Info.plist */,
				440C1339288838230056B69E /* Views */,
				440C1336288838050056B69E /* Models */,
				440C1333288837E00056B69E /* ViewModels */,
				440C1330288837D20056B69E /* Utils */,
				D1FFCDEE2882B6ED0077F614 /* BottomListView */,
				D1085EDC28828269009B7013 /* Assets.xcassets */,
				D1085EDE28828269009B7013 /* Preview Content */,
			);
			path = Pozi;
			sourceTree = "<group>";
		};
		D1085EDE28828269009B7013 /* Preview Content */ = {
			isa = PBXGroup;
			children = (
				D1085EDF28828269009B7013 /* Preview Assets.xcassets */,
			);
			path = "Preview Content";
			sourceTree = "<group>";
		};
		D1085EE728829817009B7013 /* MapView */ = {
			isa = PBXGroup;
			children = (
				D1085EE82882982F009B7013 /* MapView.swift */,
			);
			path = MapView;
			sourceTree = "<group>";
		};
		D1FFCDEE2882B6ED0077F614 /* BottomListView */ = {
			isa = PBXGroup;
			children = (
				D1FFCDEF2882B70C0077F614 /* BottomListView.swift */,
			);
			path = BottomListView;
			sourceTree = "<group>";
		};
/* End PBXGroup section */

/* Begin PBXNativeTarget section */
		D1085ED428828268009B7013 /* Pozi */ = {
			isa = PBXNativeTarget;
			buildConfigurationList = D1085EE328828269009B7013 /* Build configuration list for PBXNativeTarget "Pozi" */;
			buildPhases = (
				0AF8E7F282D6BB97329D9814 /* [CP] Check Pods Manifest.lock */,
				D1085ED128828268009B7013 /* Sources */,
				D1085ED228828268009B7013 /* Frameworks */,
				D1085ED328828268009B7013 /* Resources */,
				0E20679BB76DCE79F8C3DAF0 /* [CP] Embed Pods Frameworks */,
			);
			buildRules = (
			);
			dependencies = (
			);
			name = Pozi;
			productName = Pozi;
			productReference = D1085ED528828268009B7013 /* Pozi.app */;
			productType = "com.apple.product-type.application";
		};
/* End PBXNativeTarget section */

/* Begin PBXProject section */
		D1085ECD28828268009B7013 /* Project object */ = {
			isa = PBXProject;
			attributes = {
				BuildIndependentTargetsInParallel = 1;
				LastSwiftUpdateCheck = 1340;
				LastUpgradeCheck = 1340;
				TargetAttributes = {
					D1085ED428828268009B7013 = {
						CreatedOnToolsVersion = 13.4.1;
					};
				};
			};
			buildConfigurationList = D1085ED028828268009B7013 /* Build configuration list for PBXProject "Pozi" */;
			compatibilityVersion = "Xcode 13.0";
			developmentRegion = en;
			hasScannedForEncodings = 0;
			knownRegions = (
				en,
				Base,
			);
			mainGroup = D1085ECC28828268009B7013;
			productRefGroup = D1085ED628828268009B7013 /* Products */;
			projectDirPath = "";
			projectRoot = "";
			targets = (
				D1085ED428828268009B7013 /* Pozi */,
			);
		};
/* End PBXProject section */

/* Begin PBXResourcesBuildPhase section */
		D1085ED328828268009B7013 /* Resources */ = {
			isa = PBXResourcesBuildPhase;
			buildActionMask = 2147483647;
			files = (
				D1085EE028828269009B7013 /* Preview Assets.xcassets in Resources */,
				D1085EDD28828269009B7013 /* Assets.xcassets in Resources */,
				440C1332288837DB0056B69E /* GoogleService-Info.plist in Resources */,
			);
			runOnlyForDeploymentPostprocessing = 0;
		};
/* End PBXResourcesBuildPhase section */

/* Begin PBXShellScriptBuildPhase section */
		0AF8E7F282D6BB97329D9814 /* [CP] Check Pods Manifest.lock */ = {
			isa = PBXShellScriptBuildPhase;
			buildActionMask = 2147483647;
			files = (
			);
			inputFileListPaths = (
			);
			inputPaths = (
				"${PODS_PODFILE_DIR_PATH}/Podfile.lock",
				"${PODS_ROOT}/Manifest.lock",
			);
			name = "[CP] Check Pods Manifest.lock";
			outputFileListPaths = (
			);
			outputPaths = (
				"$(DERIVED_FILE_DIR)/Pods-Pozi-checkManifestLockResult.txt",
			);
			runOnlyForDeploymentPostprocessing = 0;
			shellPath = /bin/sh;
			shellScript = "diff \"${PODS_PODFILE_DIR_PATH}/Podfile.lock\" \"${PODS_ROOT}/Manifest.lock\" > /dev/null\nif [ $? != 0 ] ; then\n    # print error to STDERR\n    echo \"error: The sandbox is not in sync with the Podfile.lock. Run 'pod install' or update your CocoaPods installation.\" >&2\n    exit 1\nfi\n# This output is used by Xcode 'outputs' to avoid re-running this script phase.\necho \"SUCCESS\" > \"${SCRIPT_OUTPUT_FILE_0}\"\n";
			showEnvVarsInLog = 0;
		};
		0E20679BB76DCE79F8C3DAF0 /* [CP] Embed Pods Frameworks */ = {
			isa = PBXShellScriptBuildPhase;
			buildActionMask = 2147483647;
			files = (
			);
			inputFileListPaths = (
				"${PODS_ROOT}/Target Support Files/Pods-Pozi/Pods-Pozi-frameworks-${CONFIGURATION}-input-files.xcfilelist",
			);
			name = "[CP] Embed Pods Frameworks";
			outputFileListPaths = (
				"${PODS_ROOT}/Target Support Files/Pods-Pozi/Pods-Pozi-frameworks-${CONFIGURATION}-output-files.xcfilelist",
			);
			runOnlyForDeploymentPostprocessing = 0;
			shellPath = /bin/sh;
			shellScript = "\"${PODS_ROOT}/Target Support Files/Pods-Pozi/Pods-Pozi-frameworks.sh\"\n";
			showEnvVarsInLog = 0;
		};
/* End PBXShellScriptBuildPhase section */

/* Begin PBXSourcesBuildPhase section */
		D1085ED128828268009B7013 /* Sources */ = {
			isa = PBXSourcesBuildPhase;
			buildActionMask = 2147483647;
			files = (
				440C133B2888382B0056B69E /* TestView.swift in Sources */,
				440C13382888380E0056B69E /* Location.swift in Sources */,
				D1085EDB28828268009B7013 /* ContentView.swift in Sources */,
				440C1335288837F30056B69E /* MapViewModel.swift in Sources */,
				D1085EE92882982F009B7013 /* MapView.swift in Sources */,
				D1085ED928828268009B7013 /* PoziApp.swift in Sources */,
				D1FFCDF02882B70C0077F614 /* BottomListView.swift in Sources */,
			);
			runOnlyForDeploymentPostprocessing = 0;
		};
/* End PBXSourcesBuildPhase section */

/* Begin XCBuildConfiguration section */
		D1085EE128828269009B7013 /* Debug */ = {
			isa = XCBuildConfiguration;
			buildSettings = {
				ALWAYS_SEARCH_USER_PATHS = NO;
				CLANG_ANALYZER_NONNULL = YES;
				CLANG_ANALYZER_NUMBER_OBJECT_CONVERSION = YES_AGGRESSIVE;
				CLANG_CXX_LANGUAGE_STANDARD = "gnu++17";
				CLANG_ENABLE_MODULES = YES;
				CLANG_ENABLE_OBJC_ARC = YES;
				CLANG_ENABLE_OBJC_WEAK = YES;
				CLANG_WARN_BLOCK_CAPTURE_AUTORELEASING = YES;
				CLANG_WARN_BOOL_CONVERSION = YES;
				CLANG_WARN_COMMA = YES;
				CLANG_WARN_CONSTANT_CONVERSION = YES;
				CLANG_WARN_DEPRECATED_OBJC_IMPLEMENTATIONS = YES;
				CLANG_WARN_DIRECT_OBJC_ISA_USAGE = YES_ERROR;
				CLANG_WARN_DOCUMENTATION_COMMENTS = YES;
				CLANG_WARN_EMPTY_BODY = YES;
				CLANG_WARN_ENUM_CONVERSION = YES;
				CLANG_WARN_INFINITE_RECURSION = YES;
				CLANG_WARN_INT_CONVERSION = YES;
				CLANG_WARN_NON_LITERAL_NULL_CONVERSION = YES;
				CLANG_WARN_OBJC_IMPLICIT_RETAIN_SELF = YES;
				CLANG_WARN_OBJC_LITERAL_CONVERSION = YES;
				CLANG_WARN_OBJC_ROOT_CLASS = YES_ERROR;
				CLANG_WARN_QUOTED_INCLUDE_IN_FRAMEWORK_HEADER = YES;
				CLANG_WARN_RANGE_LOOP_ANALYSIS = YES;
				CLANG_WARN_STRICT_PROTOTYPES = YES;
				CLANG_WARN_SUSPICIOUS_MOVE = YES;
				CLANG_WARN_UNGUARDED_AVAILABILITY = YES_AGGRESSIVE;
				CLANG_WARN_UNREACHABLE_CODE = YES;
				CLANG_WARN__DUPLICATE_METHOD_MATCH = YES;
				COPY_PHASE_STRIP = NO;
				DEBUG_INFORMATION_FORMAT = dwarf;
				ENABLE_STRICT_OBJC_MSGSEND = YES;
				ENABLE_TESTABILITY = YES;
				GCC_C_LANGUAGE_STANDARD = gnu11;
				GCC_DYNAMIC_NO_PIC = NO;
				GCC_NO_COMMON_BLOCKS = YES;
				GCC_OPTIMIZATION_LEVEL = 0;
				GCC_PREPROCESSOR_DEFINITIONS = (
					"DEBUG=1",
					"$(inherited)",
				);
				GCC_WARN_64_TO_32_BIT_CONVERSION = YES;
				GCC_WARN_ABOUT_RETURN_TYPE = YES_ERROR;
				GCC_WARN_UNDECLARED_SELECTOR = YES;
				GCC_WARN_UNINITIALIZED_AUTOS = YES_AGGRESSIVE;
				GCC_WARN_UNUSED_FUNCTION = YES;
				GCC_WARN_UNUSED_VARIABLE = YES;
				IPHONEOS_DEPLOYMENT_TARGET = 15.5;
				MTL_ENABLE_DEBUG_INFO = INCLUDE_SOURCE;
				MTL_FAST_MATH = YES;
				ONLY_ACTIVE_ARCH = YES;
				SDKROOT = iphoneos;
				SWIFT_ACTIVE_COMPILATION_CONDITIONS = DEBUG;
				SWIFT_OPTIMIZATION_LEVEL = "-Onone";
			};
			name = Debug;
		};
		D1085EE228828269009B7013 /* Release */ = {
			isa = XCBuildConfiguration;
			buildSettings = {
				ALWAYS_SEARCH_USER_PATHS = NO;
				CLANG_ANALYZER_NONNULL = YES;
				CLANG_ANALYZER_NUMBER_OBJECT_CONVERSION = YES_AGGRESSIVE;
				CLANG_CXX_LANGUAGE_STANDARD = "gnu++17";
				CLANG_ENABLE_MODULES = YES;
				CLANG_ENABLE_OBJC_ARC = YES;
				CLANG_ENABLE_OBJC_WEAK = YES;
				CLANG_WARN_BLOCK_CAPTURE_AUTORELEASING = YES;
				CLANG_WARN_BOOL_CONVERSION = YES;
				CLANG_WARN_COMMA = YES;
				CLANG_WARN_CONSTANT_CONVERSION = YES;
				CLANG_WARN_DEPRECATED_OBJC_IMPLEMENTATIONS = YES;
				CLANG_WARN_DIRECT_OBJC_ISA_USAGE = YES_ERROR;
				CLANG_WARN_DOCUMENTATION_COMMENTS = YES;
				CLANG_WARN_EMPTY_BODY = YES;
				CLANG_WARN_ENUM_CONVERSION = YES;
				CLANG_WARN_INFINITE_RECURSION = YES;
				CLANG_WARN_INT_CONVERSION = YES;
				CLANG_WARN_NON_LITERAL_NULL_CONVERSION = YES;
				CLANG_WARN_OBJC_IMPLICIT_RETAIN_SELF = YES;
				CLANG_WARN_OBJC_LITERAL_CONVERSION = YES;
				CLANG_WARN_OBJC_ROOT_CLASS = YES_ERROR;
				CLANG_WARN_QUOTED_INCLUDE_IN_FRAMEWORK_HEADER = YES;
				CLANG_WARN_RANGE_LOOP_ANALYSIS = YES;
				CLANG_WARN_STRICT_PROTOTYPES = YES;
				CLANG_WARN_SUSPICIOUS_MOVE = YES;
				CLANG_WARN_UNGUARDED_AVAILABILITY = YES_AGGRESSIVE;
				CLANG_WARN_UNREACHABLE_CODE = YES;
				CLANG_WARN__DUPLICATE_METHOD_MATCH = YES;
				COPY_PHASE_STRIP = NO;
				DEBUG_INFORMATION_FORMAT = "dwarf-with-dsym";
				ENABLE_NS_ASSERTIONS = NO;
				ENABLE_STRICT_OBJC_MSGSEND = YES;
				GCC_C_LANGUAGE_STANDARD = gnu11;
				GCC_NO_COMMON_BLOCKS = YES;
				GCC_WARN_64_TO_32_BIT_CONVERSION = YES;
				GCC_WARN_ABOUT_RETURN_TYPE = YES_ERROR;
				GCC_WARN_UNDECLARED_SELECTOR = YES;
				GCC_WARN_UNINITIALIZED_AUTOS = YES_AGGRESSIVE;
				GCC_WARN_UNUSED_FUNCTION = YES;
				GCC_WARN_UNUSED_VARIABLE = YES;
				IPHONEOS_DEPLOYMENT_TARGET = 15.5;
				MTL_ENABLE_DEBUG_INFO = NO;
				MTL_FAST_MATH = YES;
				SDKROOT = iphoneos;
				SWIFT_COMPILATION_MODE = wholemodule;
				SWIFT_OPTIMIZATION_LEVEL = "-O";
				VALIDATE_PRODUCT = YES;
			};
			name = Release;
		};
		D1085EE428828269009B7013 /* Debug */ = {
			isa = XCBuildConfiguration;
			baseConfigurationReference = 74B360169B49D684F5813172 /* Pods-Pozi.debug.xcconfig */;
			buildSettings = {
				ASSETCATALOG_COMPILER_APPICON_NAME = AppIcon;
				ASSETCATALOG_COMPILER_GLOBAL_ACCENT_COLOR_NAME = AccentColor;
				CODE_SIGN_STYLE = Automatic;
				CURRENT_PROJECT_VERSION = 1;
				DEVELOPMENT_ASSET_PATHS = "\"Pozi/Preview Content\"";
				DEVELOPMENT_TEAM = 385Y9B45N8;
				ENABLE_PREVIEWS = YES;
				GENERATE_INFOPLIST_FILE = YES;
				INFOPLIST_FILE = Pozi/Info.plist;
				INFOPLIST_KEY_NSLocationAlwaysAndWhenInUseUsageDescription = "지도 사용을 위해 사용자 접근 권한을 요청합니다.";
				INFOPLIST_KEY_UIApplicationSceneManifest_Generation = YES;
				INFOPLIST_KEY_UIApplicationSupportsIndirectInputEvents = YES;
				INFOPLIST_KEY_UILaunchScreen_Generation = YES;
				INFOPLIST_KEY_UISupportedInterfaceOrientations_iPad = "UIInterfaceOrientationPortrait UIInterfaceOrientationPortraitUpsideDown UIInterfaceOrientationLandscapeLeft UIInterfaceOrientationLandscapeRight";
				INFOPLIST_KEY_UISupportedInterfaceOrientations_iPhone = "UIInterfaceOrientationPortrait UIInterfaceOrientationLandscapeLeft UIInterfaceOrientationLandscapeRight";
				IPHONEOS_DEPLOYMENT_TARGET = 14.0;
				LD_RUNPATH_SEARCH_PATHS = (
					"$(inherited)",
					"@executable_path/Frameworks",
				);
				MARKETING_VERSION = 1.0;
				PRODUCT_BUNDLE_IDENTIFIER = com.iOS.Pozi.Pozi;
				PRODUCT_NAME = "$(TARGET_NAME)";
				SWIFT_EMIT_LOC_STRINGS = YES;
				SWIFT_VERSION = 5.0;
				TARGETED_DEVICE_FAMILY = 1;
			};
			name = Debug;
		};
		D1085EE528828269009B7013 /* Release */ = {
			isa = XCBuildConfiguration;
			baseConfigurationReference = 334A275984259D5FDCBF735A /* Pods-Pozi.release.xcconfig */;
			buildSettings = {
				ASSETCATALOG_COMPILER_APPICON_NAME = AppIcon;
				ASSETCATALOG_COMPILER_GLOBAL_ACCENT_COLOR_NAME = AccentColor;
				CODE_SIGN_STYLE = Automatic;
				CURRENT_PROJECT_VERSION = 1;
				DEVELOPMENT_ASSET_PATHS = "\"Pozi/Preview Content\"";
				DEVELOPMENT_TEAM = 385Y9B45N8;
				ENABLE_PREVIEWS = YES;
				GENERATE_INFOPLIST_FILE = YES;
				INFOPLIST_FILE = Pozi/Info.plist;
				INFOPLIST_KEY_NSLocationAlwaysAndWhenInUseUsageDescription = "지도 사용을 위해 사용자 접근 권한을 요청합니다.";
				INFOPLIST_KEY_UIApplicationSceneManifest_Generation = YES;
				INFOPLIST_KEY_UIApplicationSupportsIndirectInputEvents = YES;
				INFOPLIST_KEY_UILaunchScreen_Generation = YES;
				INFOPLIST_KEY_UISupportedInterfaceOrientations_iPad = "UIInterfaceOrientationPortrait UIInterfaceOrientationPortraitUpsideDown UIInterfaceOrientationLandscapeLeft UIInterfaceOrientationLandscapeRight";
				INFOPLIST_KEY_UISupportedInterfaceOrientations_iPhone = "UIInterfaceOrientationPortrait UIInterfaceOrientationLandscapeLeft UIInterfaceOrientationLandscapeRight";
				IPHONEOS_DEPLOYMENT_TARGET = 14.0;
				LD_RUNPATH_SEARCH_PATHS = (
					"$(inherited)",
					"@executable_path/Frameworks",
				);
				MARKETING_VERSION = 1.0;
				PRODUCT_BUNDLE_IDENTIFIER = com.iOS.Pozi.Pozi;
				PRODUCT_NAME = "$(TARGET_NAME)";
				SWIFT_EMIT_LOC_STRINGS = YES;
				SWIFT_VERSION = 5.0;
				TARGETED_DEVICE_FAMILY = 1;
			};
			name = Release;
		};
/* End XCBuildConfiguration section */

/* Begin XCConfigurationList section */
		D1085ED028828268009B7013 /* Build configuration list for PBXProject "Pozi" */ = {
			isa = XCConfigurationList;
			buildConfigurations = (
				D1085EE128828269009B7013 /* Debug */,
				D1085EE228828269009B7013 /* Release */,
			);
			defaultConfigurationIsVisible = 0;
			defaultConfigurationName = Release;
		};
		D1085EE328828269009B7013 /* Build configuration list for PBXNativeTarget "Pozi" */ = {
			isa = XCConfigurationList;
			buildConfigurations = (
				D1085EE428828269009B7013 /* Debug */,
				D1085EE528828269009B7013 /* Release */,
			);
			defaultConfigurationIsVisible = 0;
			defaultConfigurationName = Release;
		};
/* End XCConfigurationList section */
	};
	rootObject = D1085ECD28828268009B7013 /* Project object */;
}
